// !$*UTF8*$!
{
	archiveVersion = 1;
	classes = {
	};
	objectVersion = 50;
	objects = {

/* Begin PBXBuildFile section */
		F202C9C723043F8A00DEFA65 /* AppDelegate.swift in Sources */ = {isa = PBXBuildFile; fileRef = F202C9C623043F8A00DEFA65 /* AppDelegate.swift */; };
		F202C9C923043F8A00DEFA65 /* VideoCaptureViewController.swift in Sources */ = {isa = PBXBuildFile; fileRef = F202C9C823043F8A00DEFA65 /* VideoCaptureViewController.swift */; };
		F202C9CC23043F8A00DEFA65 /* Main.storyboard in Resources */ = {isa = PBXBuildFile; fileRef = F202C9CA23043F8A00DEFA65 /* Main.storyboard */; };
		F202C9CE23043F8C00DEFA65 /* Assets.xcassets in Resources */ = {isa = PBXBuildFile; fileRef = F202C9CD23043F8C00DEFA65 /* Assets.xcassets */; };
		F202C9D123043F8C00DEFA65 /* LaunchScreen.storyboard in Resources */ = {isa = PBXBuildFile; fileRef = F202C9CF23043F8C00DEFA65 /* LaunchScreen.storyboard */; };
		F23E6F4C230543FD00FCB7B3 /* FaceClassifier.mlmodel in Sources */ = {isa = PBXBuildFile; fileRef = F23E6F4B230543FD00FCB7B3 /* FaceClassifier.mlmodel */; };
		F2B67A06230446EC0081A3F8 /* FaceClassifierViewController.swift in Sources */ = {isa = PBXBuildFile; fileRef = F2B67A05230446EC0081A3F8 /* FaceClassifierViewController.swift */; };
		F2B67A08230455FD0081A3F8 /* MemberInfoViewController.swift in Sources */ = {isa = PBXBuildFile; fileRef = F2B67A07230455FD0081A3F8 /* MemberInfoViewController.swift */; };
		F2C6536223046DF0001E3739 /* StateSelectionViewController.swift in Sources */ = {isa = PBXBuildFile; fileRef = F2C6536123046DF0001E3739 /* StateSelectionViewController.swift */; };
		F2C6536623049084001E3739 /* Member.swift in Sources */ = {isa = PBXBuildFile; fileRef = F2C6536523049084001E3739 /* Member.swift */; };
		F2F24F79230530F90076DBB2 /* CIImage+FaceDetection.swift in Sources */ = {isa = PBXBuildFile; fileRef = F2F24F78230530F90076DBB2 /* CIImage+FaceDetection.swift */; };
/* End PBXBuildFile section */

/* Begin PBXFileReference section */
		F202C9C323043F8A00DEFA65 /* Opener.app */ = {isa = PBXFileReference; explicitFileType = wrapper.application; includeInIndex = 0; path = Opener.app; sourceTree = BUILT_PRODUCTS_DIR; };
		F202C9C623043F8A00DEFA65 /* AppDelegate.swift */ = {isa = PBXFileReference; lastKnownFileType = sourcecode.swift; path = AppDelegate.swift; sourceTree = "<group>"; };
		F202C9C823043F8A00DEFA65 /* VideoCaptureViewController.swift */ = {isa = PBXFileReference; lastKnownFileType = sourcecode.swift; path = VideoCaptureViewController.swift; sourceTree = "<group>"; };
		F202C9CB23043F8A00DEFA65 /* Base */ = {isa = PBXFileReference; lastKnownFileType = file.storyboard; name = Base; path = Base.lproj/Main.storyboard; sourceTree = "<group>"; };
		F202C9CD23043F8C00DEFA65 /* Assets.xcassets */ = {isa = PBXFileReference; lastKnownFileType = folder.assetcatalog; path = Assets.xcassets; sourceTree = "<group>"; };
		F202C9D023043F8C00DEFA65 /* Base */ = {isa = PBXFileReference; lastKnownFileType = file.storyboard; name = Base; path = Base.lproj/LaunchScreen.storyboard; sourceTree = "<group>"; };
		F202C9D223043F8C00DEFA65 /* Info.plist */ = {isa = PBXFileReference; lastKnownFileType = text.plist.xml; path = Info.plist; sourceTree = "<group>"; };
		F23E6F4B230543FD00FCB7B3 /* FaceClassifier.mlmodel */ = {isa = PBXFileReference; lastKnownFileType = file.mlmodel; path = FaceClassifier.mlmodel; sourceTree = "<group>"; };
		F2B67A05230446EC0081A3F8 /* FaceClassifierViewController.swift */ = {isa = PBXFileReference; lastKnownFileType = sourcecode.swift; path = FaceClassifierViewController.swift; sourceTree = "<group>"; };
		F2B67A07230455FD0081A3F8 /* MemberInfoViewController.swift */ = {isa = PBXFileReference; lastKnownFileType = sourcecode.swift; path = MemberInfoViewController.swift; sourceTree = "<group>"; };
		F2C6536123046DF0001E3739 /* StateSelectionViewController.swift */ = {isa = PBXFileReference; lastKnownFileType = sourcecode.swift; path = StateSelectionViewController.swift; sourceTree = "<group>"; };
		F2C6536523049084001E3739 /* Member.swift */ = {isa = PBXFileReference; lastKnownFileType = sourcecode.swift; path = Member.swift; sourceTree = "<group>"; };
		F2F24F78230530F90076DBB2 /* CIImage+FaceDetection.swift */ = {isa = PBXFileReference; lastKnownFileType = sourcecode.swift; path = "CIImage+FaceDetection.swift"; sourceTree = "<group>"; };
/* End PBXFileReference section */

/* Begin PBXFrameworksBuildPhase section */
		F202C9C023043F8A00DEFA65 /* Frameworks */ = {
			isa = PBXFrameworksBuildPhase;
			buildActionMask = 2147483647;
			files = (
			);
			runOnlyForDeploymentPostprocessing = 0;
		};
/* End PBXFrameworksBuildPhase section */

/* Begin PBXGroup section */
		F202C9BA23043F8A00DEFA65 = {
			isa = PBXGroup;
			children = (
				F202C9C523043F8A00DEFA65 /* Opener */,
				F202C9C423043F8A00DEFA65 /* Products */,
			);
			sourceTree = "<group>";
		};
		F202C9C423043F8A00DEFA65 /* Products */ = {
			isa = PBXGroup;
			children = (
				F202C9C323043F8A00DEFA65 /* Opener.app */,
			);
			name = Products;
			sourceTree = "<group>";
		};
		F202C9C523043F8A00DEFA65 /* Opener */ = {
			isa = PBXGroup;
			children = (
				F202C9C623043F8A00DEFA65 /* AppDelegate.swift */,
				F2C6536523049084001E3739 /* Member.swift */,
				F2C6536123046DF0001E3739 /* StateSelectionViewController.swift */,
				F202C9C823043F8A00DEFA65 /* VideoCaptureViewController.swift */,
				F2B67A05230446EC0081A3F8 /* FaceClassifierViewController.swift */,
				F2F24F78230530F90076DBB2 /* CIImage+FaceDetection.swift */,
				F2B67A07230455FD0081A3F8 /* MemberInfoViewController.swift */,
				F23E6F4B230543FD00FCB7B3 /* FaceClassifier.mlmodel */,
				F202C9CA23043F8A00DEFA65 /* Main.storyboard */,
				F202C9CD23043F8C00DEFA65 /* Assets.xcassets */,
				F202C9CF23043F8C00DEFA65 /* LaunchScreen.storyboard */,
				F202C9D223043F8C00DEFA65 /* Info.plist */,
			);
			path = Opener;
			sourceTree = "<group>";
		};
/* End PBXGroup section */

/* Begin PBXNativeTarget section */
		F202C9C223043F8A00DEFA65 /* Opener */ = {
			isa = PBXNativeTarget;
			buildConfigurationList = F202C9D523043F8C00DEFA65 /* Build configuration list for PBXNativeTarget "Opener" */;
			buildPhases = (
				F202C9BF23043F8A00DEFA65 /* Sources */,
				F202C9C023043F8A00DEFA65 /* Frameworks */,
				F202C9C123043F8A00DEFA65 /* Resources */,
			);
			buildRules = (
			);
			dependencies = (
			);
			name = Opener;
			productName = Opener;
			productReference = F202C9C323043F8A00DEFA65 /* Opener.app */;
			productType = "com.apple.product-type.application";
		};
/* End PBXNativeTarget section */

/* Begin PBXProject section */
		F202C9BB23043F8A00DEFA65 /* Project object */ = {
			isa = PBXProject;
			attributes = {
				LastSwiftUpdateCheck = 1030;
				LastUpgradeCheck = 1030;
				ORGANIZATIONNAME = "Sunghyun Kim";
				TargetAttributes = {
					F202C9C223043F8A00DEFA65 = {
						CreatedOnToolsVersion = 10.3;
					};
				};
			};
			buildConfigurationList = F202C9BE23043F8A00DEFA65 /* Build configuration list for PBXProject "Opener" */;
			compatibilityVersion = "Xcode 9.3";
			developmentRegion = en;
			hasScannedForEncodings = 0;
			knownRegions = (
				en,
				Base,
			);
			mainGroup = F202C9BA23043F8A00DEFA65;
			productRefGroup = F202C9C423043F8A00DEFA65 /* Products */;
			projectDirPath = "";
			projectRoot = "";
			targets = (
				F202C9C223043F8A00DEFA65 /* Opener */,
			);
		};
/* End PBXProject section */

/* Begin PBXResourcesBuildPhase section */
		F202C9C123043F8A00DEFA65 /* Resources */ = {
			isa = PBXResourcesBuildPhase;
			buildActionMask = 2147483647;
			files = (
				F202C9D123043F8C00DEFA65 /* LaunchScreen.storyboard in Resources */,
				F202C9CE23043F8C00DEFA65 /* Assets.xcassets in Resources */,
				F202C9CC23043F8A00DEFA65 /* Main.storyboard in Resources */,
			);
			runOnlyForDeploymentPostprocessing = 0;
		};
/* End PBXResourcesBuildPhase section */

/* Begin PBXSourcesBuildPhase section */
		F202C9BF23043F8A00DEFA65 /* Sources */ = {
			isa = PBXSourcesBuildPhase;
			buildActionMask = 2147483647;
			files = (
				F2B67A08230455FD0081A3F8 /* MemberInfoViewController.swift in Sources */,
				F2B67A06230446EC0081A3F8 /* FaceClassifierViewController.swift in Sources */,
				F2C6536223046DF0001E3739 /* StateSelectionViewController.swift in Sources */,
				F202C9C923043F8A00DEFA65 /* VideoCaptureViewController.swift in Sources */,
				F202C9C723043F8A00DEFA65 /* AppDelegate.swift in Sources */,
				F2F24F79230530F90076DBB2 /* CIImage+FaceDetection.swift in Sources */,
				F23E6F4C230543FD00FCB7B3 /* FaceClassifier.mlmodel in Sources */,
				F2C6536623049084001E3739 /* Member.swift in Sources */,
			);
			runOnlyForDeploymentPostprocessing = 0;
		};
/* End PBXSourcesBuildPhase section */

/* Begin PBXVariantGroup section */
		F202C9CA23043F8A00DEFA65 /* Main.storyboard */ = {
			isa = PBXVariantGroup;
			children = (
				F202C9CB23043F8A00DEFA65 /* Base */,
			);
			name = Main.storyboard;
			sourceTree = "<group>";
		};
		F202C9CF23043F8C00DEFA65 /* LaunchScreen.storyboard */ = {
			isa = PBXVariantGroup;
			children = (
				F202C9D023043F8C00DEFA65 /* Base */,
			);
			name = LaunchScreen.storyboard;
			sourceTree = "<group>";
		};
/* End PBXVariantGroup section */

/* Begin XCBuildConfiguration section */
		F202C9D323043F8C00DEFA65 /* Debug */ = {
			isa = XCBuildConfiguration;
			buildSettings = {
				ALWAYS_SEARCH_USER_PATHS = NO;
				CLANG_ANALYZER_NONNULL = YES;
				CLANG_ANALYZER_NUMBER_OBJECT_CONVERSION = YES_AGGRESSIVE;
				CLANG_CXX_LANGUAGE_STANDARD = "gnu++14";
				CLANG_CXX_LIBRARY = "libc++";
				CLANG_ENABLE_MODULES = YES;
				CLANG_ENABLE_OBJC_ARC = YES;
				CLANG_ENABLE_OBJC_WEAK = YES;
				CLANG_WARN_BLOCK_CAPTURE_AUTORELEASING = YES;
				CLANG_WARN_BOOL_CONVERSION = YES;
				CLANG_WARN_COMMA = YES;
				CLANG_WARN_CONSTANT_CONVERSION = YES;
				CLANG_WARN_DEPRECATED_OBJC_IMPLEMENTATIONS = YES;
				CLANG_WARN_DIRECT_OBJC_ISA_USAGE = YES_ERROR;
				CLANG_WARN_DOCUMENTATION_COMMENTS = YES;
				CLANG_WARN_EMPTY_BODY = YES;
				CLANG_WARN_ENUM_CONVERSION = YES;
				CLANG_WARN_INFINITE_RECURSION = YES;
				CLANG_WARN_INT_CONVERSION = YES;
				CLANG_WARN_NON_LITERAL_NULL_CONVERSION = YES;
				CLANG_WARN_OBJC_IMPLICIT_RETAIN_SELF = YES;
				CLANG_WARN_OBJC_LITERAL_CONVERSION = YES;
				CLANG_WARN_OBJC_ROOT_CLASS = YES_ERROR;
				CLANG_WARN_RANGE_LOOP_ANALYSIS = YES;
				CLANG_WARN_STRICT_PROTOTYPES = YES;
				CLANG_WARN_SUSPICIOUS_MOVE = YES;
				CLANG_WARN_UNGUARDED_AVAILABILITY = YES_AGGRESSIVE;
				CLANG_WARN_UNREACHABLE_CODE = YES;
				CLANG_WARN__DUPLICATE_METHOD_MATCH = YES;
				CODE_SIGN_IDENTITY = "iPhone Developer";
				COPY_PHASE_STRIP = NO;
				DEBUG_INFORMATION_FORMAT = dwarf;
				ENABLE_STRICT_OBJC_MSGSEND = YES;
				ENABLE_TESTABILITY = YES;
				GCC_C_LANGUAGE_STANDARD = gnu11;
				GCC_DYNAMIC_NO_PIC = NO;
				GCC_NO_COMMON_BLOCKS = YES;
				GCC_OPTIMIZATION_LEVEL = 0;
				GCC_PREPROCESSOR_DEFINITIONS = (
					"DEBUG=1",
					"$(inherited)",
				);
				GCC_WARN_64_TO_32_BIT_CONVERSION = YES;
				GCC_WARN_ABOUT_RETURN_TYPE = YES_ERROR;
				GCC_WARN_UNDECLARED_SELECTOR = YES;
				GCC_WARN_UNINITIALIZED_AUTOS = YES_AGGRESSIVE;
				GCC_WARN_UNUSED_FUNCTION = YES;
				GCC_WARN_UNUSED_VARIABLE = YES;
				IPHONEOS_DEPLOYMENT_TARGET = 12.4;
				MTL_ENABLE_DEBUG_INFO = INCLUDE_SOURCE;
				MTL_FAST_MATH = YES;
				ONLY_ACTIVE_ARCH = YES;
				SDKROOT = iphoneos;
				SWIFT_ACTIVE_COMPILATION_CONDITIONS = DEBUG;
				SWIFT_OPTIMIZATION_LEVEL = "-Onone";
			};
			name = Debug;
		};
		F202C9D423043F8C00DEFA65 /* Release */ = {
			isa = XCBuildConfiguration;
			buildSettings = {
				ALWAYS_SEARCH_USER_PATHS = NO;
				CLANG_ANALYZER_NONNULL = YES;
				CLANG_ANALYZER_NUMBER_OBJECT_CONVERSION = YES_AGGRESSIVE;
				CLANG_CXX_LANGUAGE_STANDARD = "gnu++14";
				CLANG_CXX_LIBRARY = "libc++";
				CLANG_ENABLE_MODULES = YES;
				CLANG_ENABLE_OBJC_ARC = YES;
				CLANG_ENABLE_OBJC_WEAK = YES;
				CLANG_WARN_BLOCK_CAPTURE_AUTORELEASING = YES;
				CLANG_WARN_BOOL_CONVERSION = YES;
				CLANG_WARN_COMMA = YES;
				CLANG_WARN_CONSTANT_CONVERSION = YES;
				CLANG_WARN_DEPRECATED_OBJC_IMPLEMENTATIONS = YES;
				CLANG_WARN_DIRECT_OBJC_ISA_USAGE = YES_ERROR;
				CLANG_WARN_DOCUMENTATION_COMMENTS = YES;
				CLANG_WARN_EMPTY_BODY = YES;
				CLANG_WARN_ENUM_CONVERSION = YES;
				CLANG_WARN_INFINITE_RECURSION = YES;
				CLANG_WARN_INT_CONVERSION = YES;
				CLANG_WARN_NON_LITERAL_NULL_CONVERSION = YES;
				CLANG_WARN_OBJC_IMPLICIT_RETAIN_SELF = YES;
				CLANG_WARN_OBJC_LITERAL_CONVERSION = YES;
				CLANG_WARN_OBJC_ROOT_CLASS = YES_ERROR;
				CLANG_WARN_RANGE_LOOP_ANALYSIS = YES;
				CLANG_WARN_STRICT_PROTOTYPES = YES;
				CLANG_WARN_SUSPICIOUS_MOVE = YES;
				CLANG_WARN_UNGUARDED_AVAILABILITY = YES_AGGRESSIVE;
				CLANG_WARN_UNREACHABLE_CODE = YES;
				CLANG_WARN__DUPLICATE_METHOD_MATCH = YES;
				CODE_SIGN_IDENTITY = "iPhone Developer";
				COPY_PHASE_STRIP = NO;
				DEBUG_INFORMATION_FORMAT = "dwarf-with-dsym";
				ENABLE_NS_ASSERTIONS = NO;
				ENABLE_STRICT_OBJC_MSGSEND = YES;
				GCC_C_LANGUAGE_STANDARD = gnu11;
				GCC_NO_COMMON_BLOCKS = YES;
				GCC_WARN_64_TO_32_BIT_CONVERSION = YES;
				GCC_WARN_ABOUT_RETURN_TYPE = YES_ERROR;
				GCC_WARN_UNDECLARED_SELECTOR = YES;
				GCC_WARN_UNINITIALIZED_AUTOS = YES_AGGRESSIVE;
				GCC_WARN_UNUSED_FUNCTION = YES;
				GCC_WARN_UNUSED_VARIABLE = YES;
				IPHONEOS_DEPLOYMENT_TARGET = 12.4;
				MTL_ENABLE_DEBUG_INFO = NO;
				MTL_FAST_MATH = YES;
				SDKROOT = iphoneos;
				SWIFT_COMPILATION_MODE = wholemodule;
				SWIFT_OPTIMIZATION_LEVEL = "-O";
				VALIDATE_PRODUCT = YES;
			};
			name = Release;
		};
		F202C9D623043F8C00DEFA65 /* Debug */ = {
			isa = XCBuildConfiguration;
			buildSettings = {
				ASSETCATALOG_COMPILER_APPICON_NAME = AppIcon;
				CODE_SIGN_STYLE = Automatic;
				DEVELOPMENT_TEAM = 54QJQV3G77;
				INFOPLIST_FILE = Opener/Info.plist;
				LD_RUNPATH_SEARCH_PATHS = (
					"$(inherited)",
					"@executable_path/Frameworks",
				);
				PRODUCT_BUNDLE_IDENTIFIER = "sunghyun-k.Opener";
				PRODUCT_NAME = "$(TARGET_NAME)";
				SWIFT_VERSION = 5.0;
				TARGETED_DEVICE_FAMILY = "1,2";
			};
			name = Debug;
		};
		F202C9D723043F8C00DEFA65 /* Release */ = {
			isa = XCBuildConfiguration;
			buildSettings = {
				ASSETCATALOG_COMPILER_APPICON_NAME = AppIcon;
				CODE_SIGN_STYLE = Automatic;
				DEVELOPMENT_TEAM = 54QJQV3G77;
				INFOPLIST_FILE = Opener/Info.plist;
				LD_RUNPATH_SEARCH_PATHS = (
					"$(inherited)",
					"@executable_path/Frameworks",
				);
				PRODUCT_BUNDLE_IDENTIFIER = "sunghyun-k.Opener";
				PRODUCT_NAME = "$(TARGET_NAME)";
				SWIFT_VERSION = 5.0;
				TARGETED_DEVICE_FAMILY = "1,2";
			};
			name = Release;
		};
/* End XCBuildConfiguration section */

/* Begin XCConfigurationList section */
		F202C9BE23043F8A00DEFA65 /* Build configuration list for PBXProject "Opener" */ = {
			isa = XCConfigurationList;
			buildConfigurations = (
				F202C9D323043F8C00DEFA65 /* Debug */,
				F202C9D423043F8C00DEFA65 /* Release */,
			);
			defaultConfigurationIsVisible = 0;
			defaultConfigurationName = Release;
		};
		F202C9D523043F8C00DEFA65 /* Build configuration list for PBXNativeTarget "Opener" */ = {
			isa = XCConfigurationList;
			buildConfigurations = (
				F202C9D623043F8C00DEFA65 /* Debug */,
				F202C9D723043F8C00DEFA65 /* Release */,
			);
			defaultConfigurationIsVisible = 0;
			defaultConfigurationName = Release;
		};
/* End XCConfigurationList section */
	};
	rootObject = F202C9BB23043F8A00DEFA65 /* Project object */;
}
